<?xml version="1.0" encoding="utf-8"?>
<Project ToolsVersion="4.0" xmlns="http://schemas.microsoft.com/developer/msbuild/2003">
  <ItemGroup>
    <Filter Include="Source Files">
      <UniqueIdentifier>{4FC737F1-C7A5-4376-A066-2A32D752A2FF}</UniqueIdentifier>
      <Extensions>cpp;cxx;c;def</Extensions>
    </Filter>
    <Filter Include="Header Files">
      <UniqueIdentifier>{93995380-89BD-4b04-88EB-625FBE52EBFB}</UniqueIdentifier>
      <Extensions>h</Extensions>
    </Filter>
    <Filter Include="Form Files">
      <UniqueIdentifier>{99349809-55BA-4b9d-BF79-8FDBB0286EB3}</UniqueIdentifier>
      <Extensions>ui</Extensions>
    </Filter>
    <Filter Include="Resource Files">
      <UniqueIdentifier>{D9D6E242-F8AF-46E4-B9FD-80ECBC20BA3E}</UniqueIdentifier>
      <Extensions>qrc;*</Extensions>
      <ParseFiles>false</ParseFiles>
    </Filter>
    <Filter Include="Generated Files">
      <UniqueIdentifier>{71ED8ED8-ACB9-4CE9-BBE1-E00B30144E11}</UniqueIdentifier>
      <Extensions>moc;h;cpp</Extensions>
      <SourceControlFiles>False</SourceControlFiles>
    </Filter>
    <Filter Include="Generated Files\Debug">
      <UniqueIdentifier>{0e7f0184-eaf2-4623-9b32-20ae8b8d954b}</UniqueIdentifier>
      <Extensions>cpp;moc</Extensions>
      <SourceControlFiles>False</SourceControlFiles>
    </Filter>
    <Filter Include="Generated Files\Release">
      <UniqueIdentifier>{9f2b2476-b470-44f2-aee2-23152403123f}</UniqueIdentifier>
      <Extensions>cpp;moc</Extensions>
      <SourceControlFiles>False</SourceControlFiles>
    </Filter>
  </ItemGroup>
  <ItemGroup>
    <ClCompile Include="main.cpp">
      <Filter>Source Files</Filter>
    </ClCompile>
    <ClCompile Include="myphoneendpoint.cpp">
      <Filter>Source Files</Filter>
    </ClCompile>
    <ClCompile Include="GeneratedFiles\Debug\moc_qtphonedlg.cpp">
      <Filter>Generated Files\Debug</Filter>
    </ClCompile>
    <ClCompile Include="GeneratedFiles\Release\moc_qtphonedlg.cpp">
      <Filter>Generated Files\Release</Filter>
    </ClCompile>
    <ClCompile Include="qtphonedlg.cpp">
      <Filter>Source Files</Filter>
    </ClCompile>
    <ClCompile Include="cvideodlg.cpp">
      <Filter>Source Files</Filter>
    </ClCompile>
    <ClCompile Include="GeneratedFiles\Debug\moc_cvideodlg.cpp">
      <Filter>Generated Files\Debug</Filter>
    </ClCompile>
    <ClCompile Include="GeneratedFiles\Release\moc_cvideodlg.cpp">
      <Filter>Generated Files\Release</Filter>
    </ClCompile>
    <ClCompile Include="cvideodevice.cpp">
      <Filter>Source Files</Filter>
    </ClCompile>
    <ClCompile Include="csettingsdlg.cpp">
      <Filter>Source Files</Filter>
    </ClCompile>
    <ClCompile Include="GeneratedFiles\Debug\moc_csettingsdlg.cpp">
      <Filter>Generated Files\Debug</Filter>
    </ClCompile>
    <ClCompile Include="GeneratedFiles\Release\moc_csettingsdlg.cpp">
      <Filter>Generated Files\Release</Filter>
    </ClCompile>
    <ClCompile Include="GeneratedFiles\Debug\moc_myphoneendpoint.cpp">
      <Filter>Generated Files\Debug</Filter>
    </ClCompile>
    <ClCompile Include="GeneratedFiles\Release\moc_myphoneendpoint.cpp">
      <Filter>Generated Files\Release</Filter>
    </ClCompile>
    <ClCompile Include="GeneratedFiles\Debug\moc_cvideodevice.cpp">
      <Filter>Generated Files\Debug</Filter>
    </ClCompile>
    <ClCompile Include="GeneratedFiles\Release\moc_cvideodevice.cpp">
      <Filter>Generated Files\Release</Filter>
    </ClCompile>
    <ClCompile Include="GeneratedFiles\qrc_qtphone.cpp">
      <Filter>Generated Files</Filter>
    </ClCompile>
    <ClCompile Include="caddrbook.cpp">
      <Filter>Source Files</Filter>
    </ClCompile>
    <ClCompile Include="GeneratedFiles\Debug\moc_caddrbook.cpp">
      <Filter>Generated Files\Debug</Filter>
    </ClCompile>
    <ClCompile Include="GeneratedFiles\Release\moc_caddrbook.cpp">
      <Filter>Generated Files\Release</Filter>
    </ClCompile>
  </ItemGroup>
  <ItemGroup>
    <CustomBuild Include="qtphone.ui">
      <Filter>Form Files</Filter>
    </CustomBuild>
    <CustomBuild Include="qtphonedlg.h">
      <Filter>Header Files</Filter>
    </CustomBuild>
    <CustomBuild Include="cvideodlg.h">
      <Filter>Header Files</Filter>
    </CustomBuild>
    <CustomBuild Include="cvideodlg.ui">
      <Filter>Form Files</Filter>
    </CustomBuild>
    <CustomBuild Include="myphoneendpoint.h">
      <Filter>Header Files</Filter>
    </CustomBuild>
    <CustomBuild Include="csettingsdlg.h">
      <Filter>Header Files</Filter>
    </CustomBuild>
    <CustomBuild Include="csettingsdlg.ui">
      <Filter>Form Files</Filter>
    </CustomBuild>
    <CustomBuild Include="cvideodevice.h">
      <Filter>Header Files</Filter>
    </CustomBuild>
    <CustomBuild Include="qtphone.qrc">
      <Filter>Resource Files</Filter>
    </CustomBuild>
    <CustomBuild Include="caddrbook.h">
      <Filter>Header Files</Filter>
    </CustomBuild>
    <CustomBuild Include="caddrbook.ui">
      <Filter>Form Files</Filter>
    </CustomBuild>
  </ItemGroup>
  <ItemGroup>
    <ClInclude Include="GeneratedFiles\ui_qtphone.h">
      <Filter>Generated Files</Filter>
    </ClInclude>
    <ClInclude Include="global.h">
      <Filter>Header Files</Filter>
    </ClInclude>
    <ClInclude Include="GeneratedFiles\ui_cvideodlg.h">
      <Filter>Generated Files</Filter>
    </ClInclude>
    <ClInclude Include="GeneratedFiles\ui_csettingsdlg.h">
      <Filter>Generated Files</Filter>
    </ClInclude>
    <ClInclude Include="GeneratedFiles\ui_caddrbook.h">
      <Filter>Generated Files</Filter>
    </ClInclude>
  </ItemGroup>
  <ItemGroup>
    <ResourceCompile Include="QtPhone.rc" />
  </ItemGroup>
  <ItemGroup>
    <None Include="qtphone.pro" />
    <None Include="Resources\sound_button_2.png">
      <Filter>Resource Files</Filter>
    </None>
    <None Include="Resources\mike_p2.png">
      <Filter>Resource Files</Filter>
    </None>
    <None Include="Resources\msgbox4.png">
      <Filter>Resource Files</Filter>
    </None>
    <None Include="Resources\messageadd.png">
      <Filter>Resource Files</Filter>
    </None>
    <None Include="Resources\mike_p1.png">
      <Filter>Resource Files</Filter>
    </None>
    <None Include="Resources\qcam_p1.png">
      <Filter>Resource Files</Filter>
    </None>
    <None Include="Resources\qcam_p2.png">
      <Filter>Resource Files</Filter>
    </None>
    <None Include="Resources\refuse.png">
      <Filter>Resource Files</Filter>
    </None>
    <None Include="Resources\sound_button.png">
      <Filter>Resource Files</Filter>
    </None>
    <None Include="Resources\speakn.png">
      <Filter>Resource Files</Filter>
    </None>
    <None Include="Resources\bell.png">
      <Filter>Resource Files</Filter>
    </None>
    <None Include="Resources\teleph.png">
      <Filter>Resource Files</Filter>
    </None>
    <None Include="Resources\teleph2.png">
      <Filter>Resource Files</Filter>
    </None>
    <None Include="Resources\logo.png">
      <Filter>Resource Files</Filter>
    </None>
  </ItemGroup>
</Project>